# This file is automatically @generated by Cargo.
# It is not intended for manual editing.
[[package]]
name = "json"
version = "0.11.14"
source = "registry+https://github.com/rust-lang/crates.io-index"

[[package]]
name = "prj1"
version = "0.1.0"
dependencies = [
 "json 0.11.14 (registry+https://github.com/rust-lang/crates.io-index)",
 "rustc-serialize 0.3.24 (registry+https://github.com/rust-lang/crates.io-index)",
]

[[package]]
name = "rustc-serialize"
version = "0.3.24"
source = "registry+https://github.com/rust-lang/crates.io-index"

[metadata]
"checksum json 0.11.14 (registry+https://github.com/rust-lang/crates.io-index)" = "01d7903059b22f1f09ced2fb9562507e3556a953caa2f835c64ab022bb6148c2"
"checksum rustc-serialize 0.3.24 (registry+https://github.com/rust-lang/crates.io-index)" = "dcf128d1287d2ea9d80910b5f1120d0b8eede3fbf1abe91c40d39ea7d51e6fda"
